
Microsoft Visual Studio Solution File, Format Version 12.00
# Visual Studio Version 16
VisualStudioVersion = 16.0.30503.244
MinimumVisualStudioVersion = 10.0.40219.1
Project("{FAE04EC0-301F-11D3-BF4B-00C04F79EFBC}") = "laba1_isrpps", "laba1_isrpps\laba1_isrpps.csproj", "{ED01E502-3BB7-4FB2-BFA0-98A1CF35EA6C}"
EndProject
Global
	GlobalSection(SolutionConfigurationPlatforms) = preSolution
		Debug|Any CPU = Debug|Any CPU
		Release|Any CPU = Release|Any CPU
	EndGlobalSection
	GlobalSection(ProjectConfigurationPlatforms) = postSolution
		{ED01E502-3BB7-4FB2-BFA0-98A1CF35EA6C}.Debug|Any CPU.ActiveCfg = Debug|Any CPU
		{ED01E502-3BB7-4FB2-BFA0-98A1CF35EA6C}.Debug|Any CPU.Build.0 = Debug|Any CPU
		{ED01E502-3BB7-4FB2-BFA0-98A1CF35EA6C}.Release|Any CPU.ActiveCfg = Release|Any CPU
		{ED01E502-3BB7-4FB2-BFA0-98A1CF35EA6C}.Release|Any CPU.Build.0 = Release|Any CPU
	EndGlobalSection
	GlobalSection(SolutionProperties) = preSolution
		HideSolutionNode = FALSE
	EndGlobalSection
	GlobalSection(ExtensibilityGlobals) = postSolution
		SolutionGuid = {A9DC4E69-40DE-4C77-8F7E-D1A1820298BC}
	EndGlobalSection
EndGlobal
